
Microsoft Visual Studio Solution File, Format Version 12.00
# Visual Studio Version 17
VisualStudioVersion = 17.14.36518.9 d17.14
MinimumVisualStudioVersion = 10.0.40219.1
Project("{FAE04EC0-301F-11D3-BF4B-00C04F79EFBC}") = "TempFolderApp", "TempFolderApp.csproj", "{6ACCC11E-23D2-477F-B99A-9B2D9BE4C680}"
EndProject
Global
	GlobalSection(SolutionConfigurationPlatforms) = preSolution
		Debug|Any CPU = Debug|Any CPU
		Release|Any CPU = Release|Any CPU
	EndGlobalSection
	GlobalSection(ProjectConfigurationPlatforms) = postSolution
		{6ACCC11E-23D2-477F-B99A-9B2D9BE4C680}.Debug|Any CPU.ActiveCfg = Debug|Any CPU
		{6ACCC11E-23D2-477F-B99A-9B2D9BE4C680}.Debug|Any CPU.Build.0 = Debug|Any CPU
		{6ACCC11E-23D2-477F-B99A-9B2D9BE4C680}.Release|Any CPU.ActiveCfg = Release|Any CPU
		{6ACCC11E-23D2-477F-B99A-9B2D9BE4C680}.Release|Any CPU.Build.0 = Release|Any CPU
	EndGlobalSection
	GlobalSection(SolutionProperties) = preSolution
		HideSolutionNode = FALSE
	EndGlobalSection
	GlobalSection(ExtensibilityGlobals) = postSolution
		SolutionGuid = {045CF569-5AF7-487F-B37C-ABB35A88F921}
	EndGlobalSection
EndGlobal
